<?xml version="1.0" encoding="utf-8"?>
<Project ToolsVersion="4.0" xmlns="http://schemas.microsoft.com/developer/msbuild/2003">
  <ItemGroup>
    <ClCompile Include="Main.cpp" />
    <ClCompile Include="Action.cpp">
      <Filter>Actions</Filter>
    </ClCompile>
    <ClCompile Include="AddCardAction.cpp">
      <Filter>Actions</Filter>
    </ClCompile>
    <ClCompile Include="AddLadderAction.cpp">
      <Filter>Actions</Filter>
    </ClCompile>
    <ClCompile Include="ApplicationManager.cpp">
      <Filter>Application Manager</Filter>
    </ClCompile>
    <ClCompile Include="CMUgraphicsLib\auxil.cpp">
      <Filter>CMUgraphicsLib</Filter>
    </ClCompile>
    <ClCompile Include="CMUgraphicsLib\CMUgraphics.cpp">
      <Filter>CMUgraphicsLib</Filter>
    </ClCompile>
    <ClCompile Include="CMUgraphicsLib\colors.cpp">
      <Filter>CMUgraphicsLib</Filter>
    </ClCompile>
    <ClCompile Include="CMUgraphicsLib\image.cpp">
      <Filter>CMUgraphicsLib</Filter>
    </ClCompile>
    <ClCompile Include="CMUgraphicsLib\keyqueue.cpp">
      <Filter>CMUgraphicsLib</Filter>
    </ClCompile>
    <ClCompile Include="CMUgraphicsLib\mousequeue.cpp">
      <Filter>CMUgraphicsLib</Filter>
    </ClCompile>
    <ClCompile Include="CMUgraphicsLib\windowinput.cpp">
      <Filter>CMUgraphicsLib</Filter>
    </ClCompile>
    <ClCompile Include="CMUgraphicsLib\jpeg\jcomapi.c">
      <Filter>CMUgraphicsLib\jpeg</Filter>
    </ClCompile>
    <ClCompile Include="CMUgraphicsLib\jpeg\jcparam.c">
      <Filter>CMUgraphicsLib\jpeg</Filter>
    </ClCompile>
    <ClCompile Include="CMUgraphicsLib\jpeg\jdapimin.c">
      <Filter>CMUgraphicsLib\jpeg</Filter>
    </ClCompile>
    <ClCompile Include="CMUgraphicsLib\jpeg\jdapistd.c">
      <Filter>CMUgraphicsLib\jpeg</Filter>
    </ClCompile>
    <ClCompile Include="CMUgraphicsLib\jpeg\jdatasrc.c">
      <Filter>CMUgraphicsLib\jpeg</Filter>
    </ClCompile>
    <ClCompile Include="CMUgraphicsLib\jpeg\jdcoefct.c">
      <Filter>CMUgraphicsLib\jpeg</Filter>
    </ClCompile>
    <ClCompile Include="CMUgraphicsLib\jpeg\jdcolor.c">
      <Filter>CMUgraphicsLib\jpeg</Filter>
    </ClCompile>
    <ClCompile Include="CMUgraphicsLib\jpeg\jddctmgr.c">
      <Filter>CMUgraphicsLib\jpeg</Filter>
    </ClCompile>
    <ClCompile Include="CMUgraphicsLib\jpeg\jdhuff.c">
      <Filter>CMUgraphicsLib\jpeg</Filter>
    </ClCompile>
    <ClCompile Include="CMUgraphicsLib\jpeg\jdinput.c">
      <Filter>CMUgraphicsLib\jpeg</Filter>
    </ClCompile>
    <ClCompile Include="CMUgraphicsLib\jpeg\jdmainct.c">
      <Filter>CMUgraphicsLib\jpeg</Filter>
    </ClCompile>
    <ClCompile Include="CMUgraphicsLib\jpeg\jdmarker.c">
      <Filter>CMUgraphicsLib\jpeg</Filter>
    </ClCompile>
    <ClCompile Include="CMUgraphicsLib\jpeg\jdmaster.c">
      <Filter>CMUgraphicsLib\jpeg</Filter>
    </ClCompile>
    <ClCompile Include="CMUgraphicsLib\jpeg\jdmerge.c">
      <Filter>CMUgraphicsLib\jpeg</Filter>
    </ClCompile>
    <ClCompile Include="CMUgraphicsLib\jpeg\jdphuff.c">
      <Filter>CMUgraphicsLib\jpeg</Filter>
    </ClCompile>
    <ClCompile Include="CMUgraphicsLib\jpeg\jdpostct.c">
      <Filter>CMUgraphicsLib\jpeg</Filter>
    </ClCompile>
    <ClCompile Include="CMUgraphicsLib\jpeg\jdsample.c">
      <Filter>CMUgraphicsLib\jpeg</Filter>
    </ClCompile>
    <ClCompile Include="CMUgraphicsLib\jpeg\jdtrans.c">
      <Filter>CMUgraphicsLib\jpeg</Filter>
    </ClCompile>
    <ClCompile Include="CMUgraphicsLib\jpeg\jerror.c">
      <Filter>CMUgraphicsLib\jpeg</Filter>
    </ClCompile>
    <ClCompile Include="CMUgraphicsLib\jpeg\jidctflt.c">
      <Filter>CMUgraphicsLib\jpeg</Filter>
    </ClCompile>
    <ClCompile Include="CMUgraphicsLib\jpeg\jidctfst.c">
      <Filter>CMUgraphicsLib\jpeg</Filter>
    </ClCompile>
    <ClCompile Include="CMUgraphicsLib\jpeg\jidctint.c">
      <Filter>CMUgraphicsLib\jpeg</Filter>
    </ClCompile>
    <ClCompile Include="CMUgraphicsLib\jpeg\jidctred.c">
      <Filter>CMUgraphicsLib\jpeg</Filter>
    </ClCompile>
    <ClCompile Include="CMUgraphicsLib\jpeg\jmemmgr.c">
      <Filter>CMUgraphicsLib\jpeg</Filter>
    </ClCompile>
    <ClCompile Include="CMUgraphicsLib\jpeg\jmemnobs.c">
      <Filter>CMUgraphicsLib\jpeg</Filter>
    </ClCompile>
    <ClCompile Include="CMUgraphicsLib\jpegload.c">
      <Filter>CMUgraphicsLib\jpeg</Filter>
    </ClCompile>
    <ClCompile Include="CMUgraphicsLib\jpeg\jquant1.c">
      <Filter>CMUgraphicsLib\jpeg</Filter>
    </ClCompile>
    <ClCompile Include="CMUgraphicsLib\jpeg\jquant2.c">
      <Filter>CMUgraphicsLib\jpeg</Filter>
    </ClCompile>
    <ClCompile Include="CMUgraphicsLib\jpeg\jutils.c">
      <Filter>CMUgraphicsLib\jpeg</Filter>
    </ClCompile>
    <ClCompile Include="Card.cpp">
      <Filter>GameObjects\Cards</Filter>
    </ClCompile>
    <ClCompile Include="CardFive.cpp">
      <Filter>GameObjects\Cards</Filter>
    </ClCompile>
    <ClCompile Include="CardFour.cpp">
      <Filter>GameObjects\Cards</Filter>
    </ClCompile>
    <ClCompile Include="CardOne.cpp">
      <Filter>GameObjects\Cards</Filter>
    </ClCompile>
    <ClCompile Include="CardSix.cpp">
      <Filter>GameObjects\Cards</Filter>
    </ClCompile>
    <ClCompile Include="CardThree.cpp">
      <Filter>GameObjects\Cards</Filter>
    </ClCompile>
    <ClCompile Include="GameObject.cpp">
      <Filter>GameObjects</Filter>
    </ClCompile>
    <ClCompile Include="Ladder.cpp">
      <Filter>GameObjects</Filter>
    </ClCompile>
    <ClCompile Include="Cell.cpp">
      <Filter>Grid</Filter>
    </ClCompile>
    <ClCompile Include="CellPosition.cpp">
      <Filter>GUIClasses</Filter>
    </ClCompile>
    <ClCompile Include="CopyCardAction.cpp">
      <Filter>Actions</Filter>
    </ClCompile>
    <ClCompile Include="CutCardAction.cpp">
      <Filter>Actions</Filter>
    </ClCompile>
    <ClCompile Include="Grid.cpp">
      <Filter>Grid</Filter>
    </ClCompile>
    <ClCompile Include="Input.cpp">
      <Filter>GUIClasses</Filter>
    </ClCompile>
    <ClCompile Include="NewGameAction.cpp">
      <Filter>Actions</Filter>
    </ClCompile>
    <ClCompile Include="PasteCardAction.cpp">
      <Filter>Actions</Filter>
    </ClCompile>
    <ClCompile Include="Player.cpp">
      <Filter>Player</Filter>
    </ClCompile>
    <ClCompile Include="InputDiceValueAction.cpp">
      <Filter>Actions</Filter>
    </ClCompile>
    <ClCompile Include="Output.cpp">
      <Filter>GUIClasses</Filter>
    </ClCompile>
    <ClCompile Include="SwitchToDesignModeAction.cpp">
      <Filter>Actions</Filter>
    </ClCompile>
    <ClCompile Include="SwitchToPlayModeAction.cpp">
      <Filter>Actions</Filter>
    </ClCompile>
    <ClCompile Include="CardTwo.cpp">
      <Filter>GameObjects\Cards</Filter>
    </ClCompile>
    <ClCompile Include="Snake.cpp">
      <Filter>GameObjects</Filter>
    </ClCompile>
    <ClCompile Include="CardNine.cpp">
      <Filter>GameObjects\Cards</Filter>
    </ClCompile>
    <ClCompile Include="CardTen.cpp">
      <Filter>GameObjects\Cards</Filter>
    </ClCompile>
    <ClCompile Include="CardEleven.cpp">
      <Filter>GameObjects\Cards</Filter>
    </ClCompile>
    <ClCompile Include="AddSnakeAction.cpp">
      <Filter>Actions</Filter>
    </ClCompile>
    <ClCompile Include="DeleteGameObjectAction.cpp">
      <Filter>Actions</Filter>
    </ClCompile>
    <ClCompile Include="CardSeven.cpp">
      <Filter>GameObjects\Cards</Filter>
    </ClCompile>
    <ClCompile Include="CardTwelve.cpp">
      <Filter>GameObjects\Cards</Filter>
    </ClCompile>
    <ClCompile Include="CardEight.cpp">
      <Filter>GameObjects\Cards</Filter>
    </ClCompile>
    <ClCompile Include="SaveGridAction.cpp">
      <Filter>Actions</Filter>
    </ClCompile>
    <ClCompile Include="OpenGridAction.cpp">
      <Filter>Actions</Filter>
    </ClCompile>
    <ClCompile Include="Attack.cpp">
      <Filter>Actions</Filter>
    </ClCompile>
    <ClCompile Include="Lightning.cpp">
      <Filter>Actions</Filter>
    </ClCompile>
    <ClCompile Include="Ice.cpp">
      <Filter>Actions</Filter>
    </ClCompile>
    <ClCompile Include="RollDiceAction.cpp">
      <Filter>Actions</Filter>
    </ClCompile>
    <ClCompile Include="Fire.cpp">
      <Filter>Actions</Filter>
    </ClCompile>
    <ClCompile Include="Poison.cpp">
      <Filter>Actions</Filter>
    </ClCompile>
  </ItemGroup>
  <ItemGroup>
    <ClInclude Include="DEFS.h" />
    <ClInclude Include="UI_Info.h" />
    <ClInclude Include="Action.h">
      <Filter>Actions</Filter>
    </ClInclude>
    <ClInclude Include="AddCardAction.h">
      <Filter>Actions</Filter>
    </ClInclude>
    <ClInclude Include="AddLadderAction.h">
      <Filter>Actions</Filter>
    </ClInclude>
    <ClInclude Include="ApplicationManager.h">
      <Filter>Application Manager</Filter>
    </ClInclude>
    <ClInclude Include="CMUgraphicsLib\auxil.h">
      <Filter>CMUgraphicsLib</Filter>
    </ClInclude>
    <ClInclude Include="CMUgraphicsLib\CMUgraphics.h">
      <Filter>CMUgraphicsLib</Filter>
    </ClInclude>
    <ClInclude Include="CMUgraphicsLib\colors.h">
      <Filter>CMUgraphicsLib</Filter>
    </ClInclude>
    <ClInclude Include="CMUgraphicsLib\error.h">
      <Filter>CMUgraphicsLib</Filter>
    </ClInclude>
    <ClInclude Include="CMUgraphicsLib\image.h">
      <Filter>CMUgraphicsLib</Filter>
    </ClInclude>
    <ClInclude Include="CMUgraphicsLib\keyqueue.h">
      <Filter>CMUgraphicsLib</Filter>
    </ClInclude>
    <ClInclude Include="CMUgraphicsLib\mousequeue.h">
      <Filter>CMUgraphicsLib</Filter>
    </ClInclude>
    <ClInclude Include="CMUgraphicsLib\version.h">
      <Filter>CMUgraphicsLib</Filter>
    </ClInclude>
    <ClInclude Include="CMUgraphicsLib\windowinput.h">
      <Filter>CMUgraphicsLib</Filter>
    </ClInclude>
    <ClInclude Include="CMUgraphicsLib\jpeg\jconfig.h">
      <Filter>CMUgraphicsLib\jpeg</Filter>
    </ClInclude>
    <ClInclude Include="CMUgraphicsLib\jpeg\jdct.h">
      <Filter>CMUgraphicsLib\jpeg</Filter>
    </ClInclude>
    <ClInclude Include="CMUgraphicsLib\jpeg\jdhuff.h">
      <Filter>CMUgraphicsLib\jpeg</Filter>
    </ClInclude>
    <ClInclude Include="CMUgraphicsLib\jpeg\jerror.h">
      <Filter>CMUgraphicsLib\jpeg</Filter>
    </ClInclude>
    <ClInclude Include="CMUgraphicsLib\jpeg\jinclude.h">
      <Filter>CMUgraphicsLib\jpeg</Filter>
    </ClInclude>
    <ClInclude Include="CMUgraphicsLib\jpeg\jmemsys.h">
      <Filter>CMUgraphicsLib\jpeg</Filter>
    </ClInclude>
    <ClInclude Include="CMUgraphicsLib\jpeg\jmorecfg.h">
      <Filter>CMUgraphicsLib\jpeg</Filter>
    </ClInclude>
    <ClInclude Include="CMUgraphicsLib\jpeg\jpegint.h">
      <Filter>CMUgraphicsLib\jpeg</Filter>
    </ClInclude>
    <ClInclude Include="CMUgraphicsLib\jpeg\jpeglib.h">
      <Filter>CMUgraphicsLib\jpeg</Filter>
    </ClInclude>
    <ClInclude Include="CMUgraphicsLib\jpegload.h">
      <Filter>CMUgraphicsLib\jpeg</Filter>
    </ClInclude>
    <ClInclude Include="CMUgraphicsLib\jpeg\jversion.h">
      <Filter>CMUgraphicsLib\jpeg</Filter>
    </ClInclude>
    <ClInclude Include="Card.h">
      <Filter>GameObjects\Cards</Filter>
    </ClInclude>
    <ClInclude Include="CardFive.h">
      <Filter>GameObjects\Cards</Filter>
    </ClInclude>
    <ClInclude Include="CardFour.h">
      <Filter>GameObjects\Cards</Filter>
    </ClInclude>
    <ClInclude Include="CardOne.h">
      <Filter>GameObjects\Cards</Filter>
    </ClInclude>
    <ClInclude Include="CardSix.h">
      <Filter>GameObjects\Cards</Filter>
    </ClInclude>
    <ClInclude Include="CardThree.h">
      <Filter>GameObjects\Cards</Filter>
    </ClInclude>
    <ClInclude Include="GameObject.h">
      <Filter>GameObjects</Filter>
    </ClInclude>
    <ClInclude Include="Ladder.h">
      <Filter>GameObjects</Filter>
    </ClInclude>
    <ClInclude Include="Cell.h">
      <Filter>Grid</Filter>
    </ClInclude>
    <ClInclude Include="CellPosition.h">
      <Filter>GUIClasses</Filter>
    </ClInclude>
    <ClInclude Include="CopyCardAction.h">
      <Filter>Actions</Filter>
    </ClInclude>
    <ClInclude Include="CutCardAction.h">
      <Filter>Actions</Filter>
    </ClInclude>
    <ClInclude Include="Grid.h">
      <Filter>Grid</Filter>
    </ClInclude>
    <ClInclude Include="Input.h">
      <Filter>GUIClasses</Filter>
    </ClInclude>
    <ClInclude Include="NewGameAction.h">
      <Filter>Actions</Filter>
    </ClInclude>
    <ClInclude Include="PasteCardAction.h">
      <Filter>Actions</Filter>
    </ClInclude>
    <ClInclude Include="Player.h">
      <Filter>Player</Filter>
    </ClInclude>
    <ClInclude Include="InputDiceValueAction.h">
      <Filter>Actions</Filter>
    </ClInclude>
    <ClInclude Include="Output.h">
      <Filter>GUIClasses</Filter>
    </ClInclude>
    <ClInclude Include="RollDiceAction.h">
      <Filter>Actions</Filter>
    </ClInclude>
    <ClInclude Include="SwitchToDesignModeAction.h">
      <Filter>Actions</Filter>
    </ClInclude>
    <ClInclude Include="SwitchToPlayModeAction.h">
      <Filter>Actions</Filter>
    </ClInclude>
    <ClInclude Include="resource.h" />
    <ClInclude Include="CardTwo.h">
      <Filter>GameObjects\Cards</Filter>
    </ClInclude>
    <ClInclude Include="Snake.h">
      <Filter>GameObjects</Filter>
    </ClInclude>
    <ClInclude Include="CardNine.h">
      <Filter>GameObjects\Cards</Filter>
    </ClInclude>
    <ClInclude Include="CardEleven.h">
      <Filter>GameObjects\Cards</Filter>
    </ClInclude>
    <ClInclude Include="AddSnakeAction.h">
      <Filter>Actions</Filter>
    </ClInclude>
    <ClInclude Include="DeleteGameObjectAction.h">
      <Filter>Actions</Filter>
    </ClInclude>
    <ClInclude Include="CardSeven.h">
      <Filter>GameObjects\Cards</Filter>
    </ClInclude>
    <ClInclude Include="CardTwelve.h">
      <Filter>GameObjects\Cards</Filter>
    </ClInclude>
    <ClInclude Include="CardTen.h">
      <Filter>GameObjects\Cards</Filter>
    </ClInclude>
    <ClInclude Include="CardEight.h">
      <Filter>GameObjects\Cards</Filter>
    </ClInclude>
    <ClInclude Include="SaveGridAction.h">
      <Filter>Actions</Filter>
    </ClInclude>
    <ClInclude Include="OpenGridAction.h">
      <Filter>Actions</Filter>
    </ClInclude>
    <ClInclude Include="Attack.h">
      <Filter>Actions</Filter>
    </ClInclude>
    <ClInclude Include="Lightning.h">
      <Filter>Actions</Filter>
    </ClInclude>
    <ClInclude Include="Ice.h">
      <Filter>Actions</Filter>
    </ClInclude>
    <ClInclude Include="Fire.h">
      <Filter>Actions</Filter>
    </ClInclude>
    <ClInclude Include="Poison.h">
      <Filter>Actions</Filter>
    </ClInclude>
  </ItemGroup>
  <ItemGroup>
    <Filter Include="Actions">
      <UniqueIdentifier>{e7f65fcd-27d0-41a4-bc1c-64f476695674}</UniqueIdentifier>
    </Filter>
    <Filter Include="Application Manager">
      <UniqueIdentifier>{3f85a34d-0da5-4258-b68a-32fe45c5bf42}</UniqueIdentifier>
    </Filter>
    <Filter Include="GameObjects">
      <UniqueIdentifier>{9b79e2e2-82bb-47a9-9383-072d96aaa53c}</UniqueIdentifier>
    </Filter>
    <Filter Include="Grid">
      <UniqueIdentifier>{99122020-12b9-4106-ac29-51521886d8c7}</UniqueIdentifier>
    </Filter>
    <Filter Include="GUIClasses">
      <UniqueIdentifier>{336a5f21-26cb-421d-bf04-e73ee8b25752}</UniqueIdentifier>
    </Filter>
    <Filter Include="Player">
      <UniqueIdentifier>{ca538558-9d8d-456c-b86d-52dface1586f}</UniqueIdentifier>
    </Filter>
    <Filter Include="GameObjects\Cards">
      <UniqueIdentifier>{07d502d0-ea04-4007-a8da-d98c8eb3b557}</UniqueIdentifier>
    </Filter>
    <Filter Include="CMUgraphicsLib">
      <UniqueIdentifier>{d5e3cb84-d1d6-4389-9284-6b556f2ce865}</UniqueIdentifier>
    </Filter>
    <Filter Include="CMUgraphicsLib\jpeg">
      <UniqueIdentifier>{9c1fd177-ca66-4cf4-855a-6c6f4e846c4a}</UniqueIdentifier>
    </Filter>
  </ItemGroup>
</Project>